// !$*UTF8*$!
{
	archiveVersion = 1;
	classes = {
	};
	objectVersion = 56;
	objects = {

/* Begin PBXBuildFile section */
		1055C7C52B12485F00B03711 /* AppDelegate.swift in Sources */ = {isa = PBXBuildFile; fileRef = 1055C7C42B12485F00B03711 /* AppDelegate.swift */; };
		1055C7C72B12485F00B03711 /* SceneDelegate.swift in Sources */ = {isa = PBXBuildFile; fileRef = 1055C7C62B12485F00B03711 /* SceneDelegate.swift */; };
		1055C7C92B12485F00B03711 /* EpisodesViewController.swift in Sources */ = {isa = PBXBuildFile; fileRef = 1055C7C82B12485F00B03711 /* EpisodesViewController.swift */; };
		1055C7CC2B12485F00B03711 /* Main.storyboard in Resources */ = {isa = PBXBuildFile; fileRef = 1055C7CA2B12485F00B03711 /* Main.storyboard */; };
		1055C7CE2B12486100B03711 /* Assets.xcassets in Resources */ = {isa = PBXBuildFile; fileRef = 1055C7CD2B12486100B03711 /* Assets.xcassets */; };
		1055C7D12B12486100B03711 /* LaunchScreen.storyboard in Resources */ = {isa = PBXBuildFile; fileRef = 1055C7CF2B12486100B03711 /* LaunchScreen.storyboard */; };
		1055C7DA2B124BDA00B03711 /* EpisodesViewModel.swift in Sources */ = {isa = PBXBuildFile; fileRef = 1055C7D92B124BDA00B03711 /* EpisodesViewModel.swift */; };
		1055C7DE2B1250A400B03711 /* Episode.swift in Sources */ = {isa = PBXBuildFile; fileRef = 1055C7DD2B1250A400B03711 /* Episode.swift */; };
		1055C7E22B12533200B03711 /* EpisodeCell.swift in Sources */ = {isa = PBXBuildFile; fileRef = 1055C7E02B12533200B03711 /* EpisodeCell.swift */; };
		1055C7E32B12533200B03711 /* EpisodeCell.xib in Resources */ = {isa = PBXBuildFile; fileRef = 1055C7E12B12533200B03711 /* EpisodeCell.xib */; };
		1055C7E52B1258C400B03711 /* CustomViewModel.swift in Sources */ = {isa = PBXBuildFile; fileRef = 1055C7E42B1258C400B03711 /* CustomViewModel.swift */; };
		1055C7E82B1259FE00B03711 /* Api.swift in Sources */ = {isa = PBXBuildFile; fileRef = 1055C7E72B1259FE00B03711 /* Api.swift */; };
		1055C7EA2B125D5100B03711 /* Storage.swift in Sources */ = {isa = PBXBuildFile; fileRef = 1055C7E92B125D5100B03711 /* Storage.swift */; };
		1055C7EC2B12604200B03711 /* StorageFactory.swift in Sources */ = {isa = PBXBuildFile; fileRef = 1055C7EB2B12604200B03711 /* StorageFactory.swift */; };
		1055C7EF2B12615700B03711 /* GreenButton.swift in Sources */ = {isa = PBXBuildFile; fileRef = 1055C7EE2B12615700B03711 /* GreenButton.swift */; };
		1055C7F12B12625000B03711 /* ActionButtonFactory.swift in Sources */ = {isa = PBXBuildFile; fileRef = 1055C7F02B12624F00B03711 /* ActionButtonFactory.swift */; };
/* End PBXBuildFile section */

/* Begin PBXFileReference section */
		1055C7C12B12485F00B03711 /* RickMorty.app */ = {isa = PBXFileReference; explicitFileType = wrapper.application; includeInIndex = 0; path = RickMorty.app; sourceTree = BUILT_PRODUCTS_DIR; };
		1055C7C42B12485F00B03711 /* AppDelegate.swift */ = {isa = PBXFileReference; lastKnownFileType = sourcecode.swift; path = AppDelegate.swift; sourceTree = "<group>"; };
		1055C7C62B12485F00B03711 /* SceneDelegate.swift */ = {isa = PBXFileReference; lastKnownFileType = sourcecode.swift; path = SceneDelegate.swift; sourceTree = "<group>"; };
		1055C7C82B12485F00B03711 /* EpisodesViewController.swift */ = {isa = PBXFileReference; lastKnownFileType = sourcecode.swift; path = EpisodesViewController.swift; sourceTree = "<group>"; };
		1055C7CB2B12485F00B03711 /* Base */ = {isa = PBXFileReference; lastKnownFileType = file.storyboard; name = Base; path = Base.lproj/Main.storyboard; sourceTree = "<group>"; };
		1055C7CD2B12486100B03711 /* Assets.xcassets */ = {isa = PBXFileReference; lastKnownFileType = folder.assetcatalog; path = Assets.xcassets; sourceTree = "<group>"; };
		1055C7D02B12486100B03711 /* Base */ = {isa = PBXFileReference; lastKnownFileType = file.storyboard; name = Base; path = Base.lproj/LaunchScreen.storyboard; sourceTree = "<group>"; };
		1055C7D22B12486100B03711 /* Info.plist */ = {isa = PBXFileReference; lastKnownFileType = text.plist.xml; path = Info.plist; sourceTree = "<group>"; };
		1055C7D92B124BDA00B03711 /* EpisodesViewModel.swift */ = {isa = PBXFileReference; lastKnownFileType = sourcecode.swift; path = EpisodesViewModel.swift; sourceTree = "<group>"; };
		1055C7DD2B1250A400B03711 /* Episode.swift */ = {isa = PBXFileReference; lastKnownFileType = sourcecode.swift; path = Episode.swift; sourceTree = "<group>"; };
		1055C7E02B12533200B03711 /* EpisodeCell.swift */ = {isa = PBXFileReference; lastKnownFileType = sourcecode.swift; path = EpisodeCell.swift; sourceTree = "<group>"; };
		1055C7E12B12533200B03711 /* EpisodeCell.xib */ = {isa = PBXFileReference; lastKnownFileType = file.xib; path = EpisodeCell.xib; sourceTree = "<group>"; };
		1055C7E42B1258C400B03711 /* CustomViewModel.swift */ = {isa = PBXFileReference; lastKnownFileType = sourcecode.swift; path = CustomViewModel.swift; sourceTree = "<group>"; };
		1055C7E72B1259FE00B03711 /* Api.swift */ = {isa = PBXFileReference; lastKnownFileType = sourcecode.swift; path = Api.swift; sourceTree = "<group>"; };
		1055C7E92B125D5100B03711 /* Storage.swift */ = {isa = PBXFileReference; lastKnownFileType = sourcecode.swift; path = Storage.swift; sourceTree = "<group>"; };
		1055C7EB2B12604200B03711 /* StorageFactory.swift */ = {isa = PBXFileReference; lastKnownFileType = sourcecode.swift; path = StorageFactory.swift; sourceTree = "<group>"; };
		1055C7EE2B12615700B03711 /* GreenButton.swift */ = {isa = PBXFileReference; lastKnownFileType = sourcecode.swift; path = GreenButton.swift; sourceTree = "<group>"; };
		1055C7F02B12624F00B03711 /* ActionButtonFactory.swift */ = {isa = PBXFileReference; lastKnownFileType = sourcecode.swift; path = ActionButtonFactory.swift; sourceTree = "<group>"; };
/* End PBXFileReference section */

/* Begin PBXFrameworksBuildPhase section */
		1055C7BE2B12485F00B03711 /* Frameworks */ = {
			isa = PBXFrameworksBuildPhase;
			buildActionMask = 2147483647;
			files = (
			);
			runOnlyForDeploymentPostprocessing = 0;
		};
/* End PBXFrameworksBuildPhase section */

/* Begin PBXGroup section */
		1055C7B82B12485F00B03711 = {
			isa = PBXGroup;
			children = (
				1055C7C32B12485F00B03711 /* RickMorty */,
				1055C7C22B12485F00B03711 /* Products */,
			);
			sourceTree = "<group>";
		};
		1055C7C22B12485F00B03711 /* Products */ = {
			isa = PBXGroup;
			children = (
				1055C7C12B12485F00B03711 /* RickMorty.app */,
			);
			name = Products;
			sourceTree = "<group>";
		};
		1055C7C32B12485F00B03711 /* RickMorty */ = {
			isa = PBXGroup;
			children = (
				1055C7E62B1259F300B03711 /* Api */,
				1055C7DF2B12531100B03711 /* View */,
				1055C7DC2B12509500B03711 /* Model */,
				1055C7DB2B12508600B03711 /* EpisodesViewController */,
				1055C7D82B1248C000B03711 /* Supporting Files */,
			);
			path = RickMorty;
			sourceTree = "<group>";
		};
		1055C7D82B1248C000B03711 /* Supporting Files */ = {
			isa = PBXGroup;
			children = (
				1055C7C42B12485F00B03711 /* AppDelegate.swift */,
				1055C7C62B12485F00B03711 /* SceneDelegate.swift */,
				1055C7CA2B12485F00B03711 /* Main.storyboard */,
				1055C7CD2B12486100B03711 /* Assets.xcassets */,
				1055C7CF2B12486100B03711 /* LaunchScreen.storyboard */,
				1055C7D22B12486100B03711 /* Info.plist */,
			);
			path = "Supporting Files";
			sourceTree = "<group>";
		};
		1055C7DB2B12508600B03711 /* EpisodesViewController */ = {
			isa = PBXGroup;
			children = (
				1055C7C82B12485F00B03711 /* EpisodesViewController.swift */,
				1055C7D92B124BDA00B03711 /* EpisodesViewModel.swift */,
				1055C7E42B1258C400B03711 /* CustomViewModel.swift */,
			);
			path = EpisodesViewController;
			sourceTree = "<group>";
		};
		1055C7DC2B12509500B03711 /* Model */ = {
			isa = PBXGroup;
			children = (
				1055C7DD2B1250A400B03711 /* Episode.swift */,
				1055C7E92B125D5100B03711 /* Storage.swift */,
				1055C7EB2B12604200B03711 /* StorageFactory.swift */,
				1055C7F02B12624F00B03711 /* ActionButtonFactory.swift */,
			);
			path = Model;
			sourceTree = "<group>";
		};
		1055C7DF2B12531100B03711 /* View */ = {
			isa = PBXGroup;
			children = (
				1055C7ED2B12614500B03711 /* Xib */,
				1055C7EE2B12615700B03711 /* GreenButton.swift */,
			);
			path = View;
			sourceTree = "<group>";
		};
		1055C7E62B1259F300B03711 /* Api */ = {
			isa = PBXGroup;
			children = (
				1055C7E72B1259FE00B03711 /* Api.swift */,
			);
			path = Api;
			sourceTree = "<group>";
		};
		1055C7ED2B12614500B03711 /* Xib */ = {
			isa = PBXGroup;
			children = (
				1055C7E02B12533200B03711 /* EpisodeCell.swift */,
				1055C7E12B12533200B03711 /* EpisodeCell.xib */,
			);
			path = Xib;
			sourceTree = "<group>";
		};
/* End PBXGroup section */

/* Begin PBXNativeTarget section */
		1055C7C02B12485F00B03711 /* RickMorty */ = {
			isa = PBXNativeTarget;
			buildConfigurationList = 1055C7D52B12486100B03711 /* Build configuration list for PBXNativeTarget "RickMorty" */;
			buildPhases = (
				1055C7BD2B12485F00B03711 /* Sources */,
				1055C7BE2B12485F00B03711 /* Frameworks */,
				1055C7BF2B12485F00B03711 /* Resources */,
			);
			buildRules = (
			);
			dependencies = (
			);
			name = RickMorty;
			productName = RickMorty;
			productReference = 1055C7C12B12485F00B03711 /* RickMorty.app */;
			productType = "com.apple.product-type.application";
		};
/* End PBXNativeTarget section */

/* Begin PBXProject section */
		1055C7B92B12485F00B03711 /* Project object */ = {
			isa = PBXProject;
			attributes = {
				BuildIndependentTargetsInParallel = 1;
				LastSwiftUpdateCheck = 1420;
				LastUpgradeCheck = 1420;
				TargetAttributes = {
					1055C7C02B12485F00B03711 = {
						CreatedOnToolsVersion = 14.2;
					};
				};
			};
			buildConfigurationList = 1055C7BC2B12485F00B03711 /* Build configuration list for PBXProject "RickMorty" */;
			compatibilityVersion = "Xcode 14.0";
			developmentRegion = en;
			hasScannedForEncodings = 0;
			knownRegions = (
				en,
				Base,
			);
			mainGroup = 1055C7B82B12485F00B03711;
			productRefGroup = 1055C7C22B12485F00B03711 /* Products */;
			projectDirPath = "";
			projectRoot = "";
			targets = (
				1055C7C02B12485F00B03711 /* RickMorty */,
			);
		};
/* End PBXProject section */

/* Begin PBXResourcesBuildPhase section */
		1055C7BF2B12485F00B03711 /* Resources */ = {
			isa = PBXResourcesBuildPhase;
			buildActionMask = 2147483647;
			files = (
				1055C7D12B12486100B03711 /* LaunchScreen.storyboard in Resources */,
				1055C7E32B12533200B03711 /* EpisodeCell.xib in Resources */,
				1055C7CE2B12486100B03711 /* Assets.xcassets in Resources */,
				1055C7CC2B12485F00B03711 /* Main.storyboard in Resources */,
			);
			runOnlyForDeploymentPostprocessing = 0;
		};
/* End PBXResourcesBuildPhase section */

/* Begin PBXSourcesBuildPhase section */
		1055C7BD2B12485F00B03711 /* Sources */ = {
			isa = PBXSourcesBuildPhase;
			buildActionMask = 2147483647;
			files = (
				1055C7C92B12485F00B03711 /* EpisodesViewController.swift in Sources */,
				1055C7C52B12485F00B03711 /* AppDelegate.swift in Sources */,
				1055C7EF2B12615700B03711 /* GreenButton.swift in Sources */,
				1055C7DA2B124BDA00B03711 /* EpisodesViewModel.swift in Sources */,
				1055C7DE2B1250A400B03711 /* Episode.swift in Sources */,
				1055C7E52B1258C400B03711 /* CustomViewModel.swift in Sources */,
				1055C7F12B12625000B03711 /* ActionButtonFactory.swift in Sources */,
				1055C7EA2B125D5100B03711 /* Storage.swift in Sources */,
				1055C7C72B12485F00B03711 /* SceneDelegate.swift in Sources */,
				1055C7E82B1259FE00B03711 /* Api.swift in Sources */,
				1055C7EC2B12604200B03711 /* StorageFactory.swift in Sources */,
				1055C7E22B12533200B03711 /* EpisodeCell.swift in Sources */,
			);
			runOnlyForDeploymentPostprocessing = 0;
		};
/* End PBXSourcesBuildPhase section */

/* Begin PBXVariantGroup section */
		1055C7CA2B12485F00B03711 /* Main.storyboard */ = {
			isa = PBXVariantGroup;
			children = (
				1055C7CB2B12485F00B03711 /* Base */,
			);
			name = Main.storyboard;
			sourceTree = "<group>";
		};
		1055C7CF2B12486100B03711 /* LaunchScreen.storyboard */ = {
			isa = PBXVariantGroup;
			children = (
				1055C7D02B12486100B03711 /* Base */,
			);
			name = LaunchScreen.storyboard;
			sourceTree = "<group>";
		};
/* End PBXVariantGroup section */

/* Begin XCBuildConfiguration section */
		1055C7D32B12486100B03711 /* Debug */ = {
			isa = XCBuildConfiguration;
			buildSettings = {
				ALWAYS_SEARCH_USER_PATHS = NO;
				CLANG_ANALYZER_NONNULL = YES;
				CLANG_ANALYZER_NUMBER_OBJECT_CONVERSION = YES_AGGRESSIVE;
				CLANG_CXX_LANGUAGE_STANDARD = "gnu++20";
				CLANG_ENABLE_MODULES = YES;
				CLANG_ENABLE_OBJC_ARC = YES;
				CLANG_ENABLE_OBJC_WEAK = YES;
				CLANG_WARN_BLOCK_CAPTURE_AUTORELEASING = YES;
				CLANG_WARN_BOOL_CONVERSION = YES;
				CLANG_WARN_COMMA = YES;
				CLANG_WARN_CONSTANT_CONVERSION = YES;
				CLANG_WARN_DEPRECATED_OBJC_IMPLEMENTATIONS = YES;
				CLANG_WARN_DIRECT_OBJC_ISA_USAGE = YES_ERROR;
				CLANG_WARN_DOCUMENTATION_COMMENTS = YES;
				CLANG_WARN_EMPTY_BODY = YES;
				CLANG_WARN_ENUM_CONVERSION = YES;
				CLANG_WARN_INFINITE_RECURSION = YES;
				CLANG_WARN_INT_CONVERSION = YES;
				CLANG_WARN_NON_LITERAL_NULL_CONVERSION = YES;
				CLANG_WARN_OBJC_IMPLICIT_RETAIN_SELF = YES;
				CLANG_WARN_OBJC_LITERAL_CONVERSION = YES;
				CLANG_WARN_OBJC_ROOT_CLASS = YES_ERROR;
				CLANG_WARN_QUOTED_INCLUDE_IN_FRAMEWORK_HEADER = YES;
				CLANG_WARN_RANGE_LOOP_ANALYSIS = YES;
				CLANG_WARN_STRICT_PROTOTYPES = YES;
				CLANG_WARN_SUSPICIOUS_MOVE = YES;
				CLANG_WARN_UNGUARDED_AVAILABILITY = YES_AGGRESSIVE;
				CLANG_WARN_UNREACHABLE_CODE = YES;
				CLANG_WARN__DUPLICATE_METHOD_MATCH = YES;
				COPY_PHASE_STRIP = NO;
				DEBUG_INFORMATION_FORMAT = dwarf;
				ENABLE_STRICT_OBJC_MSGSEND = YES;
				ENABLE_TESTABILITY = YES;
				GCC_C_LANGUAGE_STANDARD = gnu11;
				GCC_DYNAMIC_NO_PIC = NO;
				GCC_NO_COMMON_BLOCKS = YES;
				GCC_OPTIMIZATION_LEVEL = 0;
				GCC_PREPROCESSOR_DEFINITIONS = (
					"DEBUG=1",
					"$(inherited)",
				);
				GCC_WARN_64_TO_32_BIT_CONVERSION = YES;
				GCC_WARN_ABOUT_RETURN_TYPE = YES_ERROR;
				GCC_WARN_UNDECLARED_SELECTOR = YES;
				GCC_WARN_UNINITIALIZED_AUTOS = YES_AGGRESSIVE;
				GCC_WARN_UNUSED_FUNCTION = YES;
				GCC_WARN_UNUSED_VARIABLE = YES;
				IPHONEOS_DEPLOYMENT_TARGET = 16.2;
				MTL_ENABLE_DEBUG_INFO = INCLUDE_SOURCE;
				MTL_FAST_MATH = YES;
				ONLY_ACTIVE_ARCH = YES;
				SDKROOT = iphoneos;
				SWIFT_ACTIVE_COMPILATION_CONDITIONS = DEBUG;
				SWIFT_OPTIMIZATION_LEVEL = "-Onone";
			};
			name = Debug;
		};
		1055C7D42B12486100B03711 /* Release */ = {
			isa = XCBuildConfiguration;
			buildSettings = {
				ALWAYS_SEARCH_USER_PATHS = NO;
				CLANG_ANALYZER_NONNULL = YES;
				CLANG_ANALYZER_NUMBER_OBJECT_CONVERSION = YES_AGGRESSIVE;
				CLANG_CXX_LANGUAGE_STANDARD = "gnu++20";
				CLANG_ENABLE_MODULES = YES;
				CLANG_ENABLE_OBJC_ARC = YES;
				CLANG_ENABLE_OBJC_WEAK = YES;
				CLANG_WARN_BLOCK_CAPTURE_AUTORELEASING = YES;
				CLANG_WARN_BOOL_CONVERSION = YES;
				CLANG_WARN_COMMA = YES;
				CLANG_WARN_CONSTANT_CONVERSION = YES;
				CLANG_WARN_DEPRECATED_OBJC_IMPLEMENTATIONS = YES;
				CLANG_WARN_DIRECT_OBJC_ISA_USAGE = YES_ERROR;
				CLANG_WARN_DOCUMENTATION_COMMENTS = YES;
				CLANG_WARN_EMPTY_BODY = YES;
				CLANG_WARN_ENUM_CONVERSION = YES;
				CLANG_WARN_INFINITE_RECURSION = YES;
				CLANG_WARN_INT_CONVERSION = YES;
				CLANG_WARN_NON_LITERAL_NULL_CONVERSION = YES;
				CLANG_WARN_OBJC_IMPLICIT_RETAIN_SELF = YES;
				CLANG_WARN_OBJC_LITERAL_CONVERSION = YES;
				CLANG_WARN_OBJC_ROOT_CLASS = YES_ERROR;
				CLANG_WARN_QUOTED_INCLUDE_IN_FRAMEWORK_HEADER = YES;
				CLANG_WARN_RANGE_LOOP_ANALYSIS = YES;
				CLANG_WARN_STRICT_PROTOTYPES = YES;
				CLANG_WARN_SUSPICIOUS_MOVE = YES;
				CLANG_WARN_UNGUARDED_AVAILABILITY = YES_AGGRESSIVE;
				CLANG_WARN_UNREACHABLE_CODE = YES;
				CLANG_WARN__DUPLICATE_METHOD_MATCH = YES;
				COPY_PHASE_STRIP = NO;
				DEBUG_INFORMATION_FORMAT = "dwarf-with-dsym";
				ENABLE_NS_ASSERTIONS = NO;
				ENABLE_STRICT_OBJC_MSGSEND = YES;
				GCC_C_LANGUAGE_STANDARD = gnu11;
				GCC_NO_COMMON_BLOCKS = YES;
				GCC_WARN_64_TO_32_BIT_CONVERSION = YES;
				GCC_WARN_ABOUT_RETURN_TYPE = YES_ERROR;
				GCC_WARN_UNDECLARED_SELECTOR = YES;
				GCC_WARN_UNINITIALIZED_AUTOS = YES_AGGRESSIVE;
				GCC_WARN_UNUSED_FUNCTION = YES;
				GCC_WARN_UNUSED_VARIABLE = YES;
				IPHONEOS_DEPLOYMENT_TARGET = 16.2;
				MTL_ENABLE_DEBUG_INFO = NO;
				MTL_FAST_MATH = YES;
				SDKROOT = iphoneos;
				SWIFT_COMPILATION_MODE = wholemodule;
				SWIFT_OPTIMIZATION_LEVEL = "-O";
				VALIDATE_PRODUCT = YES;
			};
			name = Release;
		};
		1055C7D62B12486100B03711 /* Debug */ = {
			isa = XCBuildConfiguration;
			buildSettings = {
				ASSETCATALOG_COMPILER_APPICON_NAME = AppIcon;
				ASSETCATALOG_COMPILER_GLOBAL_ACCENT_COLOR_NAME = AccentColor;
				CODE_SIGN_STYLE = Automatic;
				CURRENT_PROJECT_VERSION = 1;
				DEVELOPMENT_TEAM = KTV28US9SX;
				GENERATE_INFOPLIST_FILE = YES;
				INFOPLIST_FILE = "RickMorty/Supporting Files/Info.plist";
				INFOPLIST_KEY_UIApplicationSupportsIndirectInputEvents = YES;
				INFOPLIST_KEY_UILaunchStoryboardName = LaunchScreen;
				INFOPLIST_KEY_UIMainStoryboardFile = Main;
				INFOPLIST_KEY_UISupportedInterfaceOrientations_iPad = "UIInterfaceOrientationPortrait UIInterfaceOrientationPortraitUpsideDown UIInterfaceOrientationLandscapeLeft UIInterfaceOrientationLandscapeRight";
				INFOPLIST_KEY_UISupportedInterfaceOrientations_iPhone = "UIInterfaceOrientationPortrait UIInterfaceOrientationLandscapeLeft UIInterfaceOrientationLandscapeRight";
				LD_RUNPATH_SEARCH_PATHS = (
					"$(inherited)",
					"@executable_path/Frameworks",
				);
				MARKETING_VERSION = 1.0;
				PRODUCT_BUNDLE_IDENTIFIER = com.sapgv.RickMorty;
				PRODUCT_NAME = "$(TARGET_NAME)";
				SWIFT_EMIT_LOC_STRINGS = YES;
				SWIFT_VERSION = 5.0;
				TARGETED_DEVICE_FAMILY = "1,2";
			};
			name = Debug;
		};
		1055C7D72B12486100B03711 /* Release */ = {
			isa = XCBuildConfiguration;
			buildSettings = {
				ASSETCATALOG_COMPILER_APPICON_NAME = AppIcon;
				ASSETCATALOG_COMPILER_GLOBAL_ACCENT_COLOR_NAME = AccentColor;
				CODE_SIGN_STYLE = Automatic;
				CURRENT_PROJECT_VERSION = 1;
				DEVELOPMENT_TEAM = KTV28US9SX;
				GENERATE_INFOPLIST_FILE = YES;
				INFOPLIST_FILE = "RickMorty/Supporting Files/Info.plist";
				INFOPLIST_KEY_UIApplicationSupportsIndirectInputEvents = YES;
				INFOPLIST_KEY_UILaunchStoryboardName = LaunchScreen;
				INFOPLIST_KEY_UIMainStoryboardFile = Main;
				INFOPLIST_KEY_UISupportedInterfaceOrientations_iPad = "UIInterfaceOrientationPortrait UIInterfaceOrientationPortraitUpsideDown UIInterfaceOrientationLandscapeLeft UIInterfaceOrientationLandscapeRight";
				INFOPLIST_KEY_UISupportedInterfaceOrientations_iPhone = "UIInterfaceOrientationPortrait UIInterfaceOrientationLandscapeLeft UIInterfaceOrientationLandscapeRight";
				LD_RUNPATH_SEARCH_PATHS = (
					"$(inherited)",
					"@executable_path/Frameworks",
				);
				MARKETING_VERSION = 1.0;
				PRODUCT_BUNDLE_IDENTIFIER = com.sapgv.RickMorty;
				PRODUCT_NAME = "$(TARGET_NAME)";
				SWIFT_EMIT_LOC_STRINGS = YES;
				SWIFT_VERSION = 5.0;
				TARGETED_DEVICE_FAMILY = "1,2";
			};
			name = Release;
		};
/* End XCBuildConfiguration section */

/* Begin XCConfigurationList section */
		1055C7BC2B12485F00B03711 /* Build configuration list for PBXProject "RickMorty" */ = {
			isa = XCConfigurationList;
			buildConfigurations = (
				1055C7D32B12486100B03711 /* Debug */,
				1055C7D42B12486100B03711 /* Release */,
			);
			defaultConfigurationIsVisible = 0;
			defaultConfigurationName = Release;
		};
		1055C7D52B12486100B03711 /* Build configuration list for PBXNativeTarget "RickMorty" */ = {
			isa = XCConfigurationList;
			buildConfigurations = (
				1055C7D62B12486100B03711 /* Debug */,
				1055C7D72B12486100B03711 /* Release */,
			);
			defaultConfigurationIsVisible = 0;
			defaultConfigurationName = Release;
		};
/* End XCConfigurationList section */
	};
	rootObject = 1055C7B92B12485F00B03711 /* Project object */;
}
